// !$*UTF8*$!
{
	archiveVersion = 1;
	classes = {
	};
	objectVersion = 77;
	objects = {

/* Begin PBXBuildFile section */
		A10000000000000000000001 /* YumeDomain in Frameworks */ = {isa = PBXBuildFile; productRef = C10000000000000000000001 /* YumeDomain */; };
		A10000000000000000000002 /* YumeApplication in Frameworks */ = {isa = PBXBuildFile; productRef = C10000000000000000000002 /* YumeApplication */; };
		A10000000000000000000003 /* YumeInfrastructure in Frameworks */ = {isa = PBXBuildFile; productRef = C10000000000000000000003 /* YumeInfrastructure */; };
		A10000000000000000000004 /* YumeEngineHost in Frameworks */ = {isa = PBXBuildFile; productRef = C10000000000000000000004 /* YumeEngineHost */; };
/* End PBXBuildFile section */

/* Begin PBXFileReference section */
		A20000000000000000000001 /* Yume.app */ = {isa = PBXFileReference; explicitFileType = wrapper.application; includeInIndex = 0; path = Yume.app; sourceTree = BUILT_PRODUCTS_DIR; };
/* End PBXFileReference section */

/* Begin PBXFileSystemSynchronizedRootGroup section */
		A30000000000000000000001 /* YumeApp */ = {
			isa = PBXFileSystemSynchronizedRootGroup;
			path = YumeApp;
			sourceTree = "<group>";
		};
/* End PBXFileSystemSynchronizedRootGroup section */

/* Begin PBXFrameworksBuildPhase section */
		A40000000000000000000001 /* Frameworks */ = {
			isa = PBXFrameworksBuildPhase;
			buildActionMask = 2147483647;
			files = (
				A10000000000000000000001 /* YumeDomain in Frameworks */,
				A10000000000000000000002 /* YumeApplication in Frameworks */,
				A10000000000000000000003 /* YumeInfrastructure in Frameworks */,
				A10000000000000000000004 /* YumeEngineHost in Frameworks */,
			);
			runOnlyForDeploymentPostprocessing = 0;
		};
/* End PBXFrameworksBuildPhase section */

/* Begin PBXGroup section */
		A50000000000000000000001 = {
			isa = PBXGroup;
			children = (
				A30000000000000000000001 /* YumeApp */,
				A50000000000000000000002 /* Products */,
			);
			sourceTree = "<group>";
		};
		A50000000000000000000002 /* Products */ = {
			isa = PBXGroup;
			children = (
				A20000000000000000000001 /* Yume.app */,
			);
			name = Products;
			sourceTree = "<group>";
		};
/* End PBXGroup section */

/* Begin PBXNativeTarget section */
		A60000000000000000000001 /* Yume */ = {
			isa = PBXNativeTarget;
			buildConfigurationList = A70000000000000000000002 /* Build configuration list for PBXNativeTarget "Yume" */;
			buildPhases = (
				A40000000000000000000004 /* Build Native Runtimes */,
				A40000000000000000000002 /* Sources */,
				A40000000000000000000001 /* Frameworks */,
				A40000000000000000000003 /* Resources */,
				A40000000000000000000005 /* Copy Runtime Resource Trees */,
			);
			buildRules = (
			);
			dependencies = (
			);
			fileSystemSynchronizedGroups = (
				A30000000000000000000001 /* YumeApp */,
			);
			name = Yume;
			packageProductDependencies = (
				C10000000000000000000001 /* YumeDomain */,
				C10000000000000000000002 /* YumeApplication */,
				C10000000000000000000003 /* YumeInfrastructure */,
				C10000000000000000000004 /* YumeEngineHost */,
			);
			productName = Yume;
			productReference = A20000000000000000000001 /* Yume.app */;
			productType = "com.apple.product-type.application";
		};
/* End PBXNativeTarget section */

/* Begin PBXProject section */
		A80000000000000000000001 /* Project object */ = {
			isa = PBXProject;
			attributes = {
				BuildIndependentTargetsInParallel = 1;
				LastSwiftUpdateCheck = 2600;
				LastUpgradeCheck = 2600;
				TargetAttributes = {
					A60000000000000000000001 = {
						CreatedOnToolsVersion = 26.0;
					};
				};
			};
			buildConfigurationList = A70000000000000000000001 /* Build configuration list for PBXProject "Yume" */;
			developmentRegion = en;
			hasScannedForEncodings = 0;
			knownRegions = (
				en,
				Base,
				"zh-Hans",
				"zh-Hant",
				ja,
			);
			mainGroup = A50000000000000000000001;
			minimizedProjectReferenceProxies = 1;
			packageReferences = (
				B10000000000000000000001 /* XCLocalSwiftPackageReference "YumeCore" */,
			);
			preferredProjectObjectVersion = 77;
			productRefGroup = A50000000000000000000002 /* Products */;
			projectDirPath = "";
			projectRoot = "";
			targets = (
				A60000000000000000000001 /* Yume */,
			);
		};
/* End PBXProject section */

/* Begin PBXResourcesBuildPhase section */
		A40000000000000000000003 /* Resources */ = {
			isa = PBXResourcesBuildPhase;
			buildActionMask = 2147483647;
			files = (
			);
			runOnlyForDeploymentPostprocessing = 0;
		};
/* End PBXResourcesBuildPhase section */

/* Begin PBXShellScriptBuildPhase section */
		A40000000000000000000004 /* Build Native Runtimes */ = {
			isa = PBXShellScriptBuildPhase;
			alwaysOutOfDate = 1;
			buildActionMask = 2147483647;
			files = (
			);
			inputFileListPaths = (
			);
			inputPaths = (
			);
			name = "Build Native Runtimes";
			outputFileListPaths = (
			);
			outputPaths = (
				"$(SRCROOT)/ThirdParty/AetherKiri/Artifacts/$(PLATFORM_NAME)/libYumeAetherKiri.a",
				"$(SRCROOT)/ThirdParty/Art3m1s/Artifacts/$(PLATFORM_NAME)/libart3m1s_core.a",
				"$(SRCROOT)/ThirdParty/MKXPZ/Artifacts/engine/$(PLATFORM_NAME)/lib/libmkxpz-core.a",
				"$(SRCROOT)/ThirdParty/RenPy/Artifacts/$(PLATFORM_NAME)/renpy-modern.o",
				"$(SRCROOT)/ThirdParty/RenPy/Artifacts/$(PLATFORM_NAME)/renpy-legacy.o",
			);
			runOnlyForDeploymentPostprocessing = 0;
			shellPath = /bin/bash;
			shellScript = "\"$SRCROOT/Scripts/build_native_runtimes.sh\" \"$PLATFORM_NAME\"\n";
		};
		A40000000000000000000005 /* Copy Runtime Resource Trees */ = {
			isa = PBXShellScriptBuildPhase;
			alwaysOutOfDate = 1;
			buildActionMask = 2147483647;
			files = (
			);
			inputFileListPaths = (
			);
			inputPaths = (
				"$(SRCROOT)/ThirdParty/BundledResources/Runtimes",
				"$(SRCROOT)/ThirdParty/BundledResources/Ruby",
				"$(SRCROOT)/ThirdParty/BundledResources/Assets.bundle",
			);
			name = "Copy Runtime Resource Trees";
			outputFileListPaths = (
			);
			outputPaths = (
				"$(TARGET_BUILD_DIR)/$(UNLOCALIZED_RESOURCES_FOLDER_PATH)/Runtimes/RenPyModern/base/main.py",
				"$(TARGET_BUILD_DIR)/$(UNLOCALIZED_RESOURCES_FOLDER_PATH)/Runtimes/RenPyLegacy/base/main.py",
				"$(TARGET_BUILD_DIR)/$(UNLOCALIZED_RESOURCES_FOLDER_PATH)/Runtimes/Ruffle/ruffle.js",
				"$(TARGET_BUILD_DIR)/$(UNLOCALIZED_RESOURCES_FOLDER_PATH)/Runtimes/AetherKiri/default.otf",
				"$(TARGET_BUILD_DIR)/$(UNLOCALIZED_RESOURCES_FOLDER_PATH)/Ruby/3.1.0/English.rb",
				"$(TARGET_BUILD_DIR)/$(UNLOCALIZED_RESOURCES_FOLDER_PATH)/Assets.bundle/Shaders/simple.frag",
				"$(TARGET_BUILD_DIR)/$(FRAMEWORKS_FOLDER_PATH)/YumeANGLE.framework/YumeANGLE",
				"$(TARGET_BUILD_DIR)/$(FRAMEWORKS_FOLDER_PATH)/libEGL.framework/libEGL",
				"$(TARGET_BUILD_DIR)/$(FRAMEWORKS_FOLDER_PATH)/libGLESv2.framework/libGLESv2",
			);
			runOnlyForDeploymentPostprocessing = 0;
			shellPath = /bin/bash;
			shellScript = "\"$SRCROOT/Scripts/copy_bundled_resources.sh\"\n";
		};
/* End PBXShellScriptBuildPhase section */

/* Begin PBXSourcesBuildPhase section */
		A40000000000000000000002 /* Sources */ = {
			isa = PBXSourcesBuildPhase;
			buildActionMask = 2147483647;
			files = (
			);
			runOnlyForDeploymentPostprocessing = 0;
		};
/* End PBXSourcesBuildPhase section */

/* Begin XCBuildConfiguration section */
		D10000000000000000000001 /* Debug */ = {
			isa = XCBuildConfiguration;
			buildSettings = {
				ALWAYS_SEARCH_USER_PATHS = NO;
				CLANG_ANALYZER_NONNULL = YES;
				CLANG_ANALYZER_NUMBER_OBJECT_CONVERSION = YES_AGGRESSIVE;
				CLANG_CXX_LANGUAGE_STANDARD = "gnu++20";
				CLANG_ENABLE_MODULES = YES;
				CLANG_ENABLE_OBJC_ARC = YES;
				CLANG_ENABLE_OBJC_WEAK = YES;
				CLANG_WARN_BLOCK_CAPTURE_AUTORELEASING = YES;
				CLANG_WARN_BOOL_CONVERSION = YES;
				CLANG_WARN_COMMA = YES;
				CLANG_WARN_CONSTANT_CONVERSION = YES;
				CLANG_WARN_DEPRECATED_OBJC_IMPLEMENTATIONS = YES;
				CLANG_WARN_DIRECT_OBJC_ISA_USAGE = YES_ERROR;
				CLANG_WARN_DOCUMENTATION_COMMENTS = YES;
				CLANG_WARN_EMPTY_BODY = YES;
				CLANG_WARN_ENUM_CONVERSION = YES;
				CLANG_WARN_INFINITE_RECURSION = YES;
				CLANG_WARN_INT_CONVERSION = YES;
				CLANG_WARN_NON_LITERAL_NULL_CONVERSION = YES;
				CLANG_WARN_OBJC_IMPLICIT_RETAIN_SELF = YES;
				CLANG_WARN_OBJC_LITERAL_CONVERSION = YES;
				CLANG_WARN_OBJC_ROOT_CLASS = YES_ERROR;
				CLANG_WARN_QUOTED_INCLUDE_IN_FRAMEWORK_HEADER = YES;
				CLANG_WARN_RANGE_LOOP_ANALYSIS = YES;
				CLANG_WARN_STRICT_PROTOTYPES = YES;
				CLANG_WARN_SUSPICIOUS_MOVE = YES;
				CLANG_WARN_UNGUARDED_AVAILABILITY = YES_AGGRESSIVE;
				CLANG_WARN_UNREACHABLE_CODE = YES;
				CLANG_WARN__DUPLICATE_METHOD_MATCH = YES;
				COPY_PHASE_STRIP = NO;
				DEBUG_INFORMATION_FORMAT = dwarf;
				ENABLE_STRICT_OBJC_MSGSEND = YES;
				ENABLE_TESTABILITY = YES;
				ENABLE_USER_SCRIPT_SANDBOXING = YES;
				GCC_C_LANGUAGE_STANDARD = gnu17;
				GCC_DYNAMIC_NO_PIC = NO;
				GCC_NO_COMMON_BLOCKS = YES;
				GCC_OPTIMIZATION_LEVEL = 0;
				GCC_PREPROCESSOR_DEFINITIONS = (
					"DEBUG=1",
					"$(inherited)",
				);
				GCC_WARN_64_TO_32_BIT_CONVERSION = YES;
				GCC_WARN_ABOUT_RETURN_TYPE = YES_ERROR;
				GCC_WARN_UNDECLARED_SELECTOR = YES;
				GCC_WARN_UNINITIALIZED_AUTOS = YES_AGGRESSIVE;
				GCC_WARN_UNUSED_FUNCTION = YES;
				GCC_WARN_UNUSED_VARIABLE = YES;
				IPHONEOS_DEPLOYMENT_TARGET = 18.0;
				LOCALIZATION_PREFERS_STRING_CATALOGS = YES;
				MTL_ENABLE_DEBUG_INFO = INCLUDE_SOURCE;
				MTL_FAST_MATH = YES;
				ONLY_ACTIVE_ARCH = YES;
				SDKROOT = iphoneos;
				SWIFT_ACTIVE_COMPILATION_CONDITIONS = "DEBUG $(inherited)";
				SWIFT_OPTIMIZATION_LEVEL = "-Onone";
			};
			name = Debug;
		};
		D10000000000000000000002 /* Release */ = {
			isa = XCBuildConfiguration;
			buildSettings = {
				ALWAYS_SEARCH_USER_PATHS = NO;
				CLANG_ANALYZER_NONNULL = YES;
				CLANG_ANALYZER_NUMBER_OBJECT_CONVERSION = YES_AGGRESSIVE;
				CLANG_CXX_LANGUAGE_STANDARD = "gnu++20";
				CLANG_ENABLE_MODULES = YES;
				CLANG_ENABLE_OBJC_ARC = YES;
				CLANG_ENABLE_OBJC_WEAK = YES;
				CLANG_WARN_BLOCK_CAPTURE_AUTORELEASING = YES;
				CLANG_WARN_BOOL_CONVERSION = YES;
				CLANG_WARN_COMMA = YES;
				CLANG_WARN_CONSTANT_CONVERSION = YES;
				CLANG_WARN_DEPRECATED_OBJC_IMPLEMENTATIONS = YES;
				CLANG_WARN_DIRECT_OBJC_ISA_USAGE = YES_ERROR;
				CLANG_WARN_DOCUMENTATION_COMMENTS = YES;
				CLANG_WARN_EMPTY_BODY = YES;
				CLANG_WARN_ENUM_CONVERSION = YES;
				CLANG_WARN_INFINITE_RECURSION = YES;
				CLANG_WARN_INT_CONVERSION = YES;
				CLANG_WARN_NON_LITERAL_NULL_CONVERSION = YES;
				CLANG_WARN_OBJC_IMPLICIT_RETAIN_SELF = YES;
				CLANG_WARN_OBJC_LITERAL_CONVERSION = YES;
				CLANG_WARN_OBJC_ROOT_CLASS = YES_ERROR;
				CLANG_WARN_QUOTED_INCLUDE_IN_FRAMEWORK_HEADER = YES;
				CLANG_WARN_RANGE_LOOP_ANALYSIS = YES;
				CLANG_WARN_STRICT_PROTOTYPES = YES;
				CLANG_WARN_SUSPICIOUS_MOVE = YES;
				CLANG_WARN_UNGUARDED_AVAILABILITY = YES_AGGRESSIVE;
				CLANG_WARN_UNREACHABLE_CODE = YES;
				CLANG_WARN__DUPLICATE_METHOD_MATCH = YES;
				COPY_PHASE_STRIP = YES;
				DEBUG_INFORMATION_FORMAT = "dwarf-with-dsym";
				ENABLE_NS_ASSERTIONS = NO;
				ENABLE_STRICT_OBJC_MSGSEND = YES;
				ENABLE_USER_SCRIPT_SANDBOXING = YES;
				GCC_C_LANGUAGE_STANDARD = gnu17;
				GCC_NO_COMMON_BLOCKS = YES;
				GCC_WARN_64_TO_32_BIT_CONVERSION = YES;
				GCC_WARN_ABOUT_RETURN_TYPE = YES_ERROR;
				GCC_WARN_UNDECLARED_SELECTOR = YES;
				GCC_WARN_UNINITIALIZED_AUTOS = YES_AGGRESSIVE;
				GCC_WARN_UNUSED_FUNCTION = YES;
				GCC_WARN_UNUSED_VARIABLE = YES;
				IPHONEOS_DEPLOYMENT_TARGET = 18.0;
				LOCALIZATION_PREFERS_STRING_CATALOGS = YES;
				MTL_ENABLE_DEBUG_INFO = NO;
				MTL_FAST_MATH = YES;
				SDKROOT = iphoneos;
				SWIFT_COMPILATION_MODE = wholemodule;
				VALIDATE_PRODUCT = YES;
			};
			name = Release;
		};
		D20000000000000000000001 /* Debug */ = {
			isa = XCBuildConfiguration;
			buildSettings = {
				ASSETCATALOG_COMPILER_GLOBAL_ACCENT_COLOR_NAME = AccentColor;
				CODE_SIGN_STYLE = Automatic;
				CURRENT_PROJECT_VERSION = 20;
				DEVELOPMENT_ASSET_PATHS = "";
				ENABLE_USER_SCRIPT_SANDBOXING = NO;
				ENABLE_PREVIEWS = YES;
				GENERATE_INFOPLIST_FILE = YES;
				INFOPLIST_KEY_CFBundleDisplayName = Yume;
				INFOPLIST_KEY_LSApplicationCategoryType = "public.app-category.games";
				INFOPLIST_KEY_UIApplicationSceneManifest_Generation = YES;
				INFOPLIST_KEY_UIApplicationSupportsIndirectInputEvents = YES;
				INFOPLIST_KEY_UILaunchScreen_Generation = YES;
				IPHONEOS_DEPLOYMENT_TARGET = 18.0;
				HEADER_SEARCH_PATHS = "$(SRCROOT)/ThirdParty/MKXPZ/Artifacts/native/build-$(PLATFORM_NAME)-arm64/include/SDL2";
				LIBRARY_SEARCH_PATHS = (
					"$(inherited)",
					"$(SRCROOT)/ThirdParty/MKXPZ/Artifacts/native/build-$(PLATFORM_NAME)-arm64/lib",
					"$(SRCROOT)/ThirdParty/MKXPZ/Artifacts/angle/$(PLATFORM_NAME)/lib",
					"$(SRCROOT)/ThirdParty/MKXPZ/Artifacts/engine/$(PLATFORM_NAME)/lib",
				);
				LD_RUNPATH_SEARCH_PATHS = "$(inherited) @executable_path/Frameworks";
				MARKETING_VERSION = 0.1.0;
				OTHER_LDFLAGS = (
					"$(inherited)",
					"$(SRCROOT)/ThirdParty/Art3m1s/Artifacts/$(PLATFORM_NAME)/libart3m1s_core.a",
					"$(SRCROOT)/ThirdParty/AetherKiri/Artifacts/$(PLATFORM_NAME)/libYumeAetherKiri.a",
					"-Wl,-force_load,$(SRCROOT)/ThirdParty/MKXPZ/Artifacts/engine/$(PLATFORM_NAME)/lib/libmkxpz-core.a",
					"$(SRCROOT)/ThirdParty/MKXPZ/Artifacts/native/build-$(PLATFORM_NAME)-arm64/lib/mkxp18-merged.o",
					"$(SRCROOT)/ThirdParty/MKXPZ/Artifacts/native/build-$(PLATFORM_NAME)-arm64/lib/mkxp19-merged.o",
					"$(SRCROOT)/ThirdParty/MKXPZ/Artifacts/native/build-$(PLATFORM_NAME)-arm64/lib/mkxp31-merged.o",
					"$(SRCROOT)/ThirdParty/RenPy/Artifacts/$(PLATFORM_NAME)/renpy-modern.o",
					"$(SRCROOT)/ThirdParty/RenPy/Artifacts/$(PLATFORM_NAME)/renpy-legacy.o",
					"-lSDL2",
					"-lSDL2_image",
					"-lSDL2_sound",
					"-lSDL2_ttf",
					"-lfreetype",
					"-lpixman-1",
					"-lpng16",
					"-logg",
					"-lvorbis",
					"-lvorbisfile",
					"-ltheora",
					"-ltheoradec",
					"-lphysfs",
					"-luchardet",
					"-lopenal",
					"-lssl",
					"-lcrypto",
					"-larchive",
					"-ldl",
					"-lpthread",
					"-lANGLE_static",
					"-lEGL_static",
					"-lGLESv2_static",
					"-framework",
					AudioToolbox,
					"-framework",
					AVFoundation,
					"-framework",
					CoreGraphics,
					"-framework",
					CoreAudio,
					"-framework",
					CoreMedia,
					"-framework",
					CoreVideo,
					"-framework",
					GameController,
					"-framework",
					CoreMotion,
					"-weak_framework",
					CoreBluetooth,
					"-weak_framework",
					CoreHaptics,
					"-framework",
					CoreServices,
					"-framework",
					ImageIO,
					"-framework",
					MobileCoreServices,
					"-framework",
					Metal,
					"-framework",
					MetalKit,
					"-framework",
					OpenGLES,
					"-framework",
					QuartzCore,
					"-framework",
					Security,
					"-framework",
					SystemConfiguration,
					"-framework",
					VideoToolbox,
					"-liconv",
					"-lz",
					"-lbz2",
				);
				PRODUCT_BUNDLE_IDENTIFIER = com.example.yume.development;
				PRODUCT_NAME = "$(TARGET_NAME)";
				SUPPORTED_PLATFORMS = "iphoneos iphonesimulator";
				SUPPORTS_MACCATALYST = NO;
				SWIFT_DEFAULT_ACTOR_ISOLATION = MainActor;
				SWIFT_EMIT_LOC_STRINGS = YES;
				SWIFT_STRICT_CONCURRENCY = complete;
				SWIFT_VERSION = 6.0;
				TARGETED_DEVICE_FAMILY = "1,2";
			};
			name = Debug;
		};
		D20000000000000000000002 /* Release */ = {
			isa = XCBuildConfiguration;
			buildSettings = {
				ASSETCATALOG_COMPILER_GLOBAL_ACCENT_COLOR_NAME = AccentColor;
				CODE_SIGN_STYLE = Automatic;
				CURRENT_PROJECT_VERSION = 20;
				DEVELOPMENT_ASSET_PATHS = "";
				ENABLE_USER_SCRIPT_SANDBOXING = NO;
				GENERATE_INFOPLIST_FILE = YES;
				INFOPLIST_KEY_CFBundleDisplayName = Yume;
				INFOPLIST_KEY_LSApplicationCategoryType = "public.app-category.games";
				INFOPLIST_KEY_UIApplicationSceneManifest_Generation = YES;
				INFOPLIST_KEY_UIApplicationSupportsIndirectInputEvents = YES;
				INFOPLIST_KEY_UILaunchScreen_Generation = YES;
				IPHONEOS_DEPLOYMENT_TARGET = 18.0;
				HEADER_SEARCH_PATHS = "$(SRCROOT)/ThirdParty/MKXPZ/Artifacts/native/build-$(PLATFORM_NAME)-arm64/include/SDL2";
				LIBRARY_SEARCH_PATHS = (
					"$(inherited)",
					"$(SRCROOT)/ThirdParty/MKXPZ/Artifacts/native/build-$(PLATFORM_NAME)-arm64/lib",
					"$(SRCROOT)/ThirdParty/MKXPZ/Artifacts/angle/$(PLATFORM_NAME)/lib",
					"$(SRCROOT)/ThirdParty/MKXPZ/Artifacts/engine/$(PLATFORM_NAME)/lib",
				);
				LD_RUNPATH_SEARCH_PATHS = "$(inherited) @executable_path/Frameworks";
				MARKETING_VERSION = 0.1.0;
				OTHER_LDFLAGS = (
					"$(inherited)",
					"$(SRCROOT)/ThirdParty/Art3m1s/Artifacts/$(PLATFORM_NAME)/libart3m1s_core.a",
					"$(SRCROOT)/ThirdParty/AetherKiri/Artifacts/$(PLATFORM_NAME)/libYumeAetherKiri.a",
					"-Wl,-force_load,$(SRCROOT)/ThirdParty/MKXPZ/Artifacts/engine/$(PLATFORM_NAME)/lib/libmkxpz-core.a",
					"$(SRCROOT)/ThirdParty/MKXPZ/Artifacts/native/build-$(PLATFORM_NAME)-arm64/lib/mkxp18-merged.o",
					"$(SRCROOT)/ThirdParty/MKXPZ/Artifacts/native/build-$(PLATFORM_NAME)-arm64/lib/mkxp19-merged.o",
					"$(SRCROOT)/ThirdParty/MKXPZ/Artifacts/native/build-$(PLATFORM_NAME)-arm64/lib/mkxp31-merged.o",
					"$(SRCROOT)/ThirdParty/RenPy/Artifacts/$(PLATFORM_NAME)/renpy-modern.o",
					"$(SRCROOT)/ThirdParty/RenPy/Artifacts/$(PLATFORM_NAME)/renpy-legacy.o",
					"-lSDL2",
					"-lSDL2_image",
					"-lSDL2_sound",
					"-lSDL2_ttf",
					"-lfreetype",
					"-lpixman-1",
					"-lpng16",
					"-logg",
					"-lvorbis",
					"-lvorbisfile",
					"-ltheora",
					"-ltheoradec",
					"-lphysfs",
					"-luchardet",
					"-lopenal",
					"-lssl",
					"-lcrypto",
					"-larchive",
					"-ldl",
					"-lpthread",
					"-lANGLE_static",
					"-lEGL_static",
					"-lGLESv2_static",
					"-framework",
					AudioToolbox,
					"-framework",
					AVFoundation,
					"-framework",
					CoreGraphics,
					"-framework",
					CoreAudio,
					"-framework",
					CoreMedia,
					"-framework",
					CoreVideo,
					"-framework",
					GameController,
					"-framework",
					CoreMotion,
					"-weak_framework",
					CoreBluetooth,
					"-weak_framework",
					CoreHaptics,
					"-framework",
					CoreServices,
					"-framework",
					ImageIO,
					"-framework",
					MobileCoreServices,
					"-framework",
					Metal,
					"-framework",
					MetalKit,
					"-framework",
					OpenGLES,
					"-framework",
					QuartzCore,
					"-framework",
					Security,
					"-framework",
					SystemConfiguration,
					"-framework",
					VideoToolbox,
					"-liconv",
					"-lz",
					"-lbz2",
				);
				PRODUCT_BUNDLE_IDENTIFIER = com.example.yume.development;
				PRODUCT_NAME = "$(TARGET_NAME)";
				SUPPORTED_PLATFORMS = "iphoneos iphonesimulator";
				SUPPORTS_MACCATALYST = NO;
				SWIFT_DEFAULT_ACTOR_ISOLATION = MainActor;
				SWIFT_EMIT_LOC_STRINGS = YES;
				SWIFT_STRICT_CONCURRENCY = complete;
				SWIFT_VERSION = 6.0;
				TARGETED_DEVICE_FAMILY = "1,2";
			};
			name = Release;
		};
/* End XCBuildConfiguration section */

/* Begin XCConfigurationList section */
		A70000000000000000000001 /* Build configuration list for PBXProject "Yume" */ = {
			isa = XCConfigurationList;
			buildConfigurations = (
				D10000000000000000000001 /* Debug */,
				D10000000000000000000002 /* Release */,
			);
			defaultConfigurationIsVisible = 0;
			defaultConfigurationName = Release;
		};
		A70000000000000000000002 /* Build configuration list for PBXNativeTarget "Yume" */ = {
			isa = XCConfigurationList;
			buildConfigurations = (
				D20000000000000000000001 /* Debug */,
				D20000000000000000000002 /* Release */,
			);
			defaultConfigurationIsVisible = 0;
			defaultConfigurationName = Release;
		};
/* End XCConfigurationList section */

/* Begin XCLocalSwiftPackageReference section */
		B10000000000000000000001 /* XCLocalSwiftPackageReference "YumeCore" */ = {
			isa = XCLocalSwiftPackageReference;
			relativePath = YumeCore;
		};
/* End XCLocalSwiftPackageReference section */

/* Begin XCSwiftPackageProductDependency section */
		C10000000000000000000001 /* YumeDomain */ = {
			isa = XCSwiftPackageProductDependency;
			package = B10000000000000000000001 /* XCLocalSwiftPackageReference "YumeCore" */;
			productName = YumeDomain;
		};
		C10000000000000000000002 /* YumeApplication */ = {
			isa = XCSwiftPackageProductDependency;
			package = B10000000000000000000001 /* XCLocalSwiftPackageReference "YumeCore" */;
			productName = YumeApplication;
		};
		C10000000000000000000003 /* YumeInfrastructure */ = {
			isa = XCSwiftPackageProductDependency;
			package = B10000000000000000000001 /* XCLocalSwiftPackageReference "YumeCore" */;
			productName = YumeInfrastructure;
		};
		C10000000000000000000004 /* YumeEngineHost */ = {
			isa = XCSwiftPackageProductDependency;
			package = B10000000000000000000001 /* XCLocalSwiftPackageReference "YumeCore" */;
			productName = YumeEngineHost;
		};
/* End XCSwiftPackageProductDependency section */
	};
	rootObject = A80000000000000000000001 /* Project object */;
}
